<?xml version="1.0" encoding="UTF-8" standalone="yes" ?>
<CodeBlocks_project_file>
	<FileVersion major="1" minor="6" />
	<Project>
		<Option title="TextTracer" />
		<Option pch_mode="2" />
		<Option compiler="gcc" />
		<Option virtualFolders="Headers\;Sources\;Headers\Debug\;Headers\Objects\;Headers\Raytracer\;Headers\Geometry\;Headers\Input\;Headers\Scenes\;Headers\Framebuffer\;Sources\Debug\;Sources\Framebuffer\;Sources\Geometry\;Sources\Input\;Sources\Objects\;Sources\Raytracer\;Sources\Scenes\;" />
		<Build>
			<Target title="Debug">
				<Option output="bin/Debug/TextTracer" prefix_auto="1" extension_auto="1" />
				<Option object_output="obj/Debug/" />
				<Option type="1" />
				<Option compiler="gcc" />
				<Compiler>
					<Add option="-pg" />
					<Add option="-g" />
					<Add option="-DDEBUG" />
					<Add option="-DLOW_RES" />
				</Compiler>
				<Linker>
					<Add option="-pg -lgmon" />
					<Add directory="C:/Program Files (x86)/CodeBlocks/MinGW/bin" />
				</Linker>
			</Target>
			<Target title="Release">
				<Option output="bin/Release/TextTracer" prefix_auto="1" extension_auto="1" />
				<Option object_output="obj/Release/" />
				<Option type="1" />
				<Option compiler="gcc" />
				<Compiler>
					<Add option="-O2" />
					<Add option="-DRELEASE" />
				</Compiler>
				<Linker>
					<Add option="-s" />
				</Linker>
			</Target>
		</Build>
		<Compiler>
			<Add option="-Wall" />
			<Add option="-fexceptions -std=c++11" />
			<Add option="-DREALTIME" />
		</Compiler>
		<Linker>
			<Add library="glfw" />
			<Add library="opengl32" />
			<Add library="glu32" />
			<Add library="gdi32" />
		</Linker>
		<Unit filename="AABB.cpp">
			<Option virtualFolder="Sources/Geometry/" />
		</Unit>
		<Unit filename="AABB.h">
			<Option virtualFolder="Headers/Geometry/" />
		</Unit>
		<Unit filename="AABBGeometry.cpp">
			<Option virtualFolder="Sources/Geometry/" />
		</Unit>
		<Unit filename="AABBGeometry.h">
			<Option virtualFolder="Headers/Geometry/" />
		</Unit>
		<Unit filename="AABBObject.cpp">
			<Option virtualFolder="Sources/Objects/" />
		</Unit>
		<Unit filename="AABBObject.h">
			<Option virtualFolder="Headers/Objects/" />
		</Unit>
		<Unit filename="Camera.cpp">
			<Option virtualFolder="Sources/Objects/" />
		</Unit>
		<Unit filename="Camera.h">
			<Option virtualFolder="Headers/Objects/" />
		</Unit>
		<Unit filename="ConsoleFramebuffer.cpp">
			<Option virtualFolder="Sources/Framebuffer/" />
		</Unit>
		<Unit filename="ConsoleFramebuffer.h">
			<Option virtualFolder="Headers/Framebuffer/" />
		</Unit>
		<Unit filename="ConvexPolyGeometry.cpp">
			<Option virtualFolder="Sources/Geometry/" />
		</Unit>
		<Unit filename="ConvexPolyGeometry.h">
			<Option virtualFolder="Headers/Geometry/" />
		</Unit>
		<Unit filename="ConvexPolyObject.cpp">
			<Option virtualFolder="Sources/Objects/" />
		</Unit>
		<Unit filename="ConvexPolyObject.h">
			<Option virtualFolder="Headers/Objects/" />
		</Unit>
		<Unit filename="DebugBox.cpp">
			<Option virtualFolder="Sources/Debug/" />
		</Unit>
		<Unit filename="DebugBox.h">
			<Option virtualFolder="Headers/Debug/" />
		</Unit>
		<Unit filename="DiscGeometry.cpp">
			<Option virtualFolder="Sources/Geometry/" />
		</Unit>
		<Unit filename="DiscGeometry.h">
			<Option virtualFolder="Headers/Geometry/" />
		</Unit>
		<Unit filename="DiscObject.cpp">
			<Option virtualFolder="Sources/Objects/" />
		</Unit>
		<Unit filename="DiscObject.h">
			<Option virtualFolder="Headers/Objects/" />
		</Unit>
		<Unit filename="Framebuffer.h">
			<Option virtualFolder="Headers/Framebuffer/" />
		</Unit>
		<Unit filename="GLFWFramebuffer.cpp">
			<Option virtualFolder="Sources/Framebuffer/" />
		</Unit>
		<Unit filename="GLFWFramebuffer.h">
			<Option virtualFolder="Headers/Framebuffer/" />
		</Unit>
		<Unit filename="Geometry.cpp">
			<Option virtualFolder="Sources/Geometry/" />
		</Unit>
		<Unit filename="Geometry.h">
			<Option virtualFolder="Headers/Geometry/" />
		</Unit>
		<Unit filename="IsectData.h">
			<Option virtualFolder="Headers/Raytracer/" />
		</Unit>
		<Unit filename="KdTree.cpp">
			<Option virtualFolder="Sources/Scenes/" />
		</Unit>
		<Unit filename="KdTree.h">
			<Option virtualFolder="Headers/Scenes/" />
		</Unit>
		<Unit filename="Keyboard.cpp">
			<Option virtualFolder="Sources/Input/" />
		</Unit>
		<Unit filename="Keyboard.h">
			<Option virtualFolder="Headers/Input/" />
		</Unit>
		<Unit filename="PlaneGeometry.cpp">
			<Option virtualFolder="Sources/Geometry/" />
		</Unit>
		<Unit filename="PlaneGeometry.h">
			<Option virtualFolder="Headers/Geometry/" />
		</Unit>
		<Unit filename="PlaneObject.cpp">
			<Option virtualFolder="Sources/Objects/" />
		</Unit>
		<Unit filename="PlaneObject.h">
			<Option virtualFolder="Headers/Objects/" />
		</Unit>
		<Unit filename="Ray.h">
			<Option virtualFolder="Headers/Raytracer/" />
		</Unit>
		<Unit filename="Raytracer.cpp">
			<Option virtualFolder="Sources/Raytracer/" />
		</Unit>
		<Unit filename="Raytracer.h">
			<Option virtualFolder="Headers/Raytracer/" />
		</Unit>
		<Unit filename="Scene.cpp">
			<Option virtualFolder="Sources/Scenes/" />
		</Unit>
		<Unit filename="Scene.h">
			<Option virtualFolder="Headers/Scenes/" />
		</Unit>
		<Unit filename="SphereGeometry.cpp">
			<Option virtualFolder="Sources/Geometry/" />
		</Unit>
		<Unit filename="SphereGeometry.h">
			<Option virtualFolder="Headers/Geometry/" />
		</Unit>
		<Unit filename="SphereObject.cpp">
			<Option virtualFolder="Sources/Objects/" />
		</Unit>
		<Unit filename="SphereObject.h">
			<Option virtualFolder="Headers/Objects/" />
		</Unit>
		<Unit filename="TestScene.cpp">
			<Option virtualFolder="Sources/Scenes/" />
		</Unit>
		<Unit filename="TestScene.h">
			<Option virtualFolder="Headers/Scenes/" />
		</Unit>
		<Unit filename="TextTracer.cpp">
			<Option virtualFolder="Sources/" />
		</Unit>
		<Unit filename="TextTracer.h">
			<Option virtualFolder="Headers/" />
		</Unit>
		<Unit filename="WorldObject.cpp">
			<Option virtualFolder="Sources/Objects/" />
		</Unit>
		<Unit filename="WorldObject.h">
			<Option virtualFolder="Headers/Objects/" />
		</Unit>
		<Unit filename="main.cpp" />
		<Extensions>
			<code_completion />
			<envvars />
			<debugger />
			<lib_finder disable_auto="1" />
		</Extensions>
	</Project>
</CodeBlocks_project_file>
